
Microsoft Visual Studio Solution File, Format Version 12.00
# Visual Studio Version 17
VisualStudioVersion = 17.9.34607.119
MinimumVisualStudioVersion = 10.0.40219.1
Project("{FAE04EC0-301F-11D3-BF4B-00C04F79EFBC}") = "XamlDemo", "XamlDemo\XamlDemo.csproj", "{61997373-F350-4F7B-85D2-FBD98F5DE9B0}"
EndProject
Global
	GlobalSection(SolutionConfigurationPlatforms) = preSolution
		Debug|Any CPU = Debug|Any CPU
		Release|Any CPU = Release|Any CPU
	EndGlobalSection
	GlobalSection(ProjectConfigurationPlatforms) = postSolution
		{61997373-F350-4F7B-85D2-FBD98F5DE9B0}.Debug|Any CPU.ActiveCfg = Debug|Any CPU
		{61997373-F350-4F7B-85D2-FBD98F5DE9B0}.Debug|Any CPU.Build.0 = Debug|Any CPU
		{61997373-F350-4F7B-85D2-FBD98F5DE9B0}.Debug|Any CPU.Deploy.0 = Debug|Any CPU
		{61997373-F350-4F7B-85D2-FBD98F5DE9B0}.Release|Any CPU.ActiveCfg = Release|Any CPU
		{61997373-F350-4F7B-85D2-FBD98F5DE9B0}.Release|Any CPU.Build.0 = Release|Any CPU
		{61997373-F350-4F7B-85D2-FBD98F5DE9B0}.Release|Any CPU.Deploy.0 = Release|Any CPU
	EndGlobalSection
	GlobalSection(SolutionProperties) = preSolution
		HideSolutionNode = FALSE
	EndGlobalSection
	GlobalSection(ExtensibilityGlobals) = postSolution
		SolutionGuid = {E071218A-4E3B-404F-8929-8A5625672D9F}
	EndGlobalSection
EndGlobal
