
Microsoft Visual Studio Solution File, Format Version 12.00
# Visual Studio Version 17
VisualStudioVersion = 17.9.34607.119
MinimumVisualStudioVersion = 10.0.40219.1
Project("{FAE04EC0-301F-11D3-BF4B-00C04F79EFBC}") = "PagesLayoutsControlsDemo", "PagesLayoutsControlsDemo\PagesLayoutsControlsDemo.csproj", "{9CEFDCEB-DD03-44EB-8B19-4469709A4A7D}"
EndProject
Global
	GlobalSection(SolutionConfigurationPlatforms) = preSolution
		Debug|Any CPU = Debug|Any CPU
		Release|Any CPU = Release|Any CPU
	EndGlobalSection
	GlobalSection(ProjectConfigurationPlatforms) = postSolution
		{9CEFDCEB-DD03-44EB-8B19-4469709A4A7D}.Debug|Any CPU.ActiveCfg = Debug|Any CPU
		{9CEFDCEB-DD03-44EB-8B19-4469709A4A7D}.Debug|Any CPU.Build.0 = Debug|Any CPU
		{9CEFDCEB-DD03-44EB-8B19-4469709A4A7D}.Debug|Any CPU.Deploy.0 = Debug|Any CPU
		{9CEFDCEB-DD03-44EB-8B19-4469709A4A7D}.Release|Any CPU.ActiveCfg = Release|Any CPU
		{9CEFDCEB-DD03-44EB-8B19-4469709A4A7D}.Release|Any CPU.Build.0 = Release|Any CPU
		{9CEFDCEB-DD03-44EB-8B19-4469709A4A7D}.Release|Any CPU.Deploy.0 = Release|Any CPU
	EndGlobalSection
	GlobalSection(SolutionProperties) = preSolution
		HideSolutionNode = FALSE
	EndGlobalSection
	GlobalSection(ExtensibilityGlobals) = postSolution
		SolutionGuid = {64A4955C-F8E5-428C-84CC-990C41FC063C}
	EndGlobalSection
EndGlobal
